
Microsoft Visual Studio Solution File, Format Version 9.00
# Visual Studio 2005
Project("{8BC9CEB8-8B4A-11D0-8D11-00A0C91BC942}") = "libopen-pal", "opal\opal.vcproj", "{E5D486A6-64D4-453A-8C9D-B7D8D3B930D5}"
EndProject
Project("{8BC9CEB8-8B4A-11D0-8D11-00A0C91BC942}") = "libmpi", "ompi\ompi.vcproj", "{A287AF1E-841E-4DAA-A74A-004D1C61BD52}"
	ProjectSection(ProjectDependencies) = postProject
		{B874B9EC-879F-4C43-A72F-132867D242BE} = {B874B9EC-879F-4C43-A72F-132867D242BE}
		{E5D486A6-64D4-453A-8C9D-B7D8D3B930D5} = {E5D486A6-64D4-453A-8C9D-B7D8D3B930D5}
	EndProjectSection
EndProject
Project("{8BC9CEB8-8B4A-11D0-8D11-00A0C91BC942}") = "libopen-rte", "orte\orte.vcproj", "{B874B9EC-879F-4C43-A72F-132867D242BE}"
EndProject
Project("{2150E333-8FDC-42A3-9474-1A3956D46DE8}") = "bin", "bin", "{DD1CC77C-53FA-41A1-9260-003DE571F0E7}"
EndProject
Project("{8BC9CEB8-8B4A-11D0-8D11-00A0C91BC942}") = "ompi_info", "ompi\tools\ompi_info\ompi_info.vcproj", "{5BD0C703-E370-4FD7-95CA-560DF6086409}"
	ProjectSection(ProjectDependencies) = postProject
		{B874B9EC-879F-4C43-A72F-132867D242BE} = {B874B9EC-879F-4C43-A72F-132867D242BE}
		{E5D486A6-64D4-453A-8C9D-B7D8D3B930D5} = {E5D486A6-64D4-453A-8C9D-B7D8D3B930D5}
		{A287AF1E-841E-4DAA-A74A-004D1C61BD52} = {A287AF1E-841E-4DAA-A74A-004D1C61BD52}
	EndProjectSection
EndProject
Project("{8BC9CEB8-8B4A-11D0-8D11-00A0C91BC942}") = "opal_wrapper", "opal\tools\wrappers\opal_wrapper.vcproj", "{9F937956-6702-4A57-804D-8136F2B9663B}"
	ProjectSection(ProjectDependencies) = postProject
		{E5D486A6-64D4-453A-8C9D-B7D8D3B930D5} = {E5D486A6-64D4-453A-8C9D-B7D8D3B930D5}
	EndProjectSection
EndProject
Project("{8BC9CEB8-8B4A-11D0-8D11-00A0C91BC942}") = "orted", "orte\tools\orted\orted.vcproj", "{6B72BF4D-C538-45AE-ABAF-D2ADDA55A70A}"
	ProjectSection(ProjectDependencies) = postProject
		{B874B9EC-879F-4C43-A72F-132867D242BE} = {B874B9EC-879F-4C43-A72F-132867D242BE}
		{E5D486A6-64D4-453A-8C9D-B7D8D3B930D5} = {E5D486A6-64D4-453A-8C9D-B7D8D3B930D5}
	EndProjectSection
EndProject
Project("{8BC9CEB8-8B4A-11D0-8D11-00A0C91BC942}") = "ortekill", "orte\tools\ortekill\ortekill.vcproj", "{ED8C8D1D-BE14-4D14-BF28-D4589C4BFB68}"
	ProjectSection(ProjectDependencies) = postProject
		{B874B9EC-879F-4C43-A72F-132867D242BE} = {B874B9EC-879F-4C43-A72F-132867D242BE}
		{E5D486A6-64D4-453A-8C9D-B7D8D3B930D5} = {E5D486A6-64D4-453A-8C9D-B7D8D3B930D5}
	EndProjectSection
EndProject
Project("{2150E333-8FDC-42A3-9474-1A3956D46DE8}") = "lib", "lib", "{AAA85B72-6CBC-4BD8-B657-4B380EEA9450}"
EndProject
Project("{8BC9CEB8-8B4A-11D0-8D11-00A0C91BC942}") = "orteboot", "orte\tools\orteboot\orteboot.vcproj", "{C9A9E997-D3DB-414C-9EF4-A167576A8009}"
	ProjectSection(ProjectDependencies) = postProject
		{B874B9EC-879F-4C43-A72F-132867D242BE} = {B874B9EC-879F-4C43-A72F-132867D242BE}
		{E5D486A6-64D4-453A-8C9D-B7D8D3B930D5} = {E5D486A6-64D4-453A-8C9D-B7D8D3B930D5}
	EndProjectSection
EndProject
Project("{8BC9CEB8-8B4A-11D0-8D11-00A0C91BC942}") = "orterun", "orte\tools\orterun\orterun.vcproj", "{9FC9957B-288D-4231-B5DF-E75FCCC8345F}"
	ProjectSection(ProjectDependencies) = postProject
		{B874B9EC-879F-4C43-A72F-132867D242BE} = {B874B9EC-879F-4C43-A72F-132867D242BE}
		{E5D486A6-64D4-453A-8C9D-B7D8D3B930D5} = {E5D486A6-64D4-453A-8C9D-B7D8D3B930D5}
	EndProjectSection
EndProject
Project("{8BC9CEB8-8B4A-11D0-8D11-00A0C91BC942}") = "orte-clean", "orte\tools\orte-clean\orte-clean.vcproj", "{E4DA158A-42FA-4188-813A-82218E623FDB}"
	ProjectSection(ProjectDependencies) = postProject
		{B874B9EC-879F-4C43-A72F-132867D242BE} = {B874B9EC-879F-4C43-A72F-132867D242BE}
		{E5D486A6-64D4-453A-8C9D-B7D8D3B930D5} = {E5D486A6-64D4-453A-8C9D-B7D8D3B930D5}
	EndProjectSection
EndProject
Project("{8BC9CEB8-8B4A-11D0-8D11-00A0C91BC942}") = "orte-ps", "orte\tools\orte-ps\orte-ps.vcproj", "{F4431964-265F-4389-989B-AECEF10C3B38}"
	ProjectSection(ProjectDependencies) = postProject
		{B874B9EC-879F-4C43-A72F-132867D242BE} = {B874B9EC-879F-4C43-A72F-132867D242BE}
		{E5D486A6-64D4-453A-8C9D-B7D8D3B930D5} = {E5D486A6-64D4-453A-8C9D-B7D8D3B930D5}
	EndProjectSection
EndProject
Project("{8BC9CEB8-8B4A-11D0-8D11-00A0C91BC942}") = "ortehalt", "orte\tools\ortehalt\ortehalt.vcproj", "{9110089E-407F-4781-BE50-A5EDF38AC67B}"
	ProjectSection(ProjectDependencies) = postProject
		{B874B9EC-879F-4C43-A72F-132867D242BE} = {B874B9EC-879F-4C43-A72F-132867D242BE}
		{E5D486A6-64D4-453A-8C9D-B7D8D3B930D5} = {E5D486A6-64D4-453A-8C9D-B7D8D3B930D5}
	EndProjectSection
EndProject
Project("{8BC9CEB8-8B4A-11D0-8D11-00A0C91BC942}") = "orteprobe", "orte\tools\orteprobe\orteprobe.vcproj", "{B2BD47EA-7844-41C3-BA19-87048F53865B}"
EndProject
Project("{8BC9CEB8-8B4A-11D0-8D11-00A0C91BC942}") = "opal-checkpoint", "opal\tools\opal-checkpoint\opal-checkpoint.vcproj", "{029DA224-4B5F-4A68-97A3-61347D8A8D85}"
	ProjectSection(ProjectDependencies) = postProject
		{E5D486A6-64D4-453A-8C9D-B7D8D3B930D5} = {E5D486A6-64D4-453A-8C9D-B7D8D3B930D5}
	EndProjectSection
EndProject
Project("{2150E333-8FDC-42A3-9474-1A3956D46DE8}") = "tests", "tests", "{4549A41A-2F83-4E43-9444-18547FB39427}"
EndProject
Project("{8BC9CEB8-8B4A-11D0-8D11-00A0C91BC942}") = "chello", "test\mpi\environment\chello.vcproj", "{76C8913A-6B33-4CB4-AEFD-BC3C1FE9B530}"
	ProjectSection(ProjectDependencies) = postProject
		{B874B9EC-879F-4C43-A72F-132867D242BE} = {B874B9EC-879F-4C43-A72F-132867D242BE}
		{E5D486A6-64D4-453A-8C9D-B7D8D3B930D5} = {E5D486A6-64D4-453A-8C9D-B7D8D3B930D5}
		{A287AF1E-841E-4DAA-A74A-004D1C61BD52} = {A287AF1E-841E-4DAA-A74A-004D1C61BD52}
	EndProjectSection
EndProject
Project("{8BC9CEB8-8B4A-11D0-8D11-00A0C91BC942}") = "orte-restart", "orte\tools\orte-restart\orte-restart.vcproj", "{4379C4D5-D2F2-4C29-A9DF-7AD287B86CD6}"
	ProjectSection(ProjectDependencies) = postProject
		{B874B9EC-879F-4C43-A72F-132867D242BE} = {B874B9EC-879F-4C43-A72F-132867D242BE}
		{E5D486A6-64D4-453A-8C9D-B7D8D3B930D5} = {E5D486A6-64D4-453A-8C9D-B7D8D3B930D5}
	EndProjectSection
EndProject
Project("{8BC9CEB8-8B4A-11D0-8D11-00A0C91BC942}") = "non_blocking", "..\test_programs\non_blocking\non_blocking.vcproj", "{1F0F3910-9245-45CA-8551-B78BD8AA2288}"
	ProjectSection(ProjectDependencies) = postProject
		{A287AF1E-841E-4DAA-A74A-004D1C61BD52} = {A287AF1E-841E-4DAA-A74A-004D1C61BD52}
	EndProjectSection
EndProject
Project("{8BC9CEB8-8B4A-11D0-8D11-00A0C91BC942}") = "libmpi_f90", "ompi\mpi\f90\f90.vcproj", "{5A8EB1D1-EC41-483B-846E-BE6C25AB77E2}"
EndProject
Project("{8BC9CEB8-8B4A-11D0-8D11-00A0C91BC942}") = "libmpi_f77", "ompi\mpi\f77\f77.vcproj", "{09497F03-D8FB-45FD-BCF1-6953B8596D46}"
EndProject
Project("{8BC9CEB8-8B4A-11D0-8D11-00A0C91BC942}") = "libmpi_cxx", "ompi\mpi\cxx\cxx.vcproj", "{9D298393-B003-4C92-A407-A09A93314CAA}"
EndProject
Project("{8BC9CEB8-8B4A-11D0-8D11-00A0C91BC942}") = "opal-restart", "opal\tools\opal-restart\opal-restart.vcproj", "{A8E74BA1-CE96-4270-ABA2-724731337D8B}"
	ProjectSection(ProjectDependencies) = postProject
		{E5D486A6-64D4-453A-8C9D-B7D8D3B930D5} = {E5D486A6-64D4-453A-8C9D-B7D8D3B930D5}
	EndProjectSection
EndProject
Global
	GlobalSection(SolutionConfigurationPlatforms) = preSolution
		Debug_dll|Win32 = Debug_dll|Win32
		Debug_dll|x64 = Debug_dll|x64
		Debug|Win32 = Debug|Win32
		Debug|x64 = Debug|x64
		DebugDLL|Win32 = DebugDLL|Win32
		DebugDLL|x64 = DebugDLL|x64
		Release|Win32 = Release|Win32
		Release|x64 = Release|x64
		ReleaseDLL|Win32 = ReleaseDLL|Win32
		ReleaseDLL|x64 = ReleaseDLL|x64
	EndGlobalSection
	GlobalSection(ProjectConfigurationPlatforms) = postSolution
		{E5D486A6-64D4-453A-8C9D-B7D8D3B930D5}.Debug_dll|Win32.ActiveCfg = Debug_dll|Win32
		{E5D486A6-64D4-453A-8C9D-B7D8D3B930D5}.Debug_dll|Win32.Build.0 = Debug_dll|Win32
		{E5D486A6-64D4-453A-8C9D-B7D8D3B930D5}.Debug_dll|x64.ActiveCfg = Debug_dll|x64
		{E5D486A6-64D4-453A-8C9D-B7D8D3B930D5}.Debug_dll|x64.Build.0 = Debug_dll|x64
		{E5D486A6-64D4-453A-8C9D-B7D8D3B930D5}.Debug|Win32.ActiveCfg = Debug|Win32
		{E5D486A6-64D4-453A-8C9D-B7D8D3B930D5}.Debug|Win32.Build.0 = Debug|Win32
		{E5D486A6-64D4-453A-8C9D-B7D8D3B930D5}.Debug|x64.ActiveCfg = Debug_dll|x64
		{E5D486A6-64D4-453A-8C9D-B7D8D3B930D5}.Debug|x64.Build.0 = Debug_dll|x64
		{E5D486A6-64D4-453A-8C9D-B7D8D3B930D5}.DebugDLL|Win32.ActiveCfg = Debug_dll|x64
		{E5D486A6-64D4-453A-8C9D-B7D8D3B930D5}.DebugDLL|x64.ActiveCfg = Debug_dll|x64
		{E5D486A6-64D4-453A-8C9D-B7D8D3B930D5}.DebugDLL|x64.Build.0 = Debug_dll|x64
		{E5D486A6-64D4-453A-8C9D-B7D8D3B930D5}.Release|Win32.ActiveCfg = Release|Win32
		{E5D486A6-64D4-453A-8C9D-B7D8D3B930D5}.Release|Win32.Build.0 = Release|Win32
		{E5D486A6-64D4-453A-8C9D-B7D8D3B930D5}.Release|x64.ActiveCfg = Release|x64
		{E5D486A6-64D4-453A-8C9D-B7D8D3B930D5}.Release|x64.Build.0 = Release|x64
		{E5D486A6-64D4-453A-8C9D-B7D8D3B930D5}.ReleaseDLL|Win32.ActiveCfg = Release|x64
		{E5D486A6-64D4-453A-8C9D-B7D8D3B930D5}.ReleaseDLL|x64.ActiveCfg = Release|x64
		{E5D486A6-64D4-453A-8C9D-B7D8D3B930D5}.ReleaseDLL|x64.Build.0 = Release|x64
		{A287AF1E-841E-4DAA-A74A-004D1C61BD52}.Debug_dll|Win32.ActiveCfg = Debug_dll|Win32
		{A287AF1E-841E-4DAA-A74A-004D1C61BD52}.Debug_dll|Win32.Build.0 = Debug_dll|Win32
		{A287AF1E-841E-4DAA-A74A-004D1C61BD52}.Debug_dll|x64.ActiveCfg = Debug_dll|x64
		{A287AF1E-841E-4DAA-A74A-004D1C61BD52}.Debug_dll|x64.Build.0 = Debug_dll|x64
		{A287AF1E-841E-4DAA-A74A-004D1C61BD52}.Debug|Win32.ActiveCfg = Debug|Win32
		{A287AF1E-841E-4DAA-A74A-004D1C61BD52}.Debug|Win32.Build.0 = Debug|Win32
		{A287AF1E-841E-4DAA-A74A-004D1C61BD52}.Debug|x64.ActiveCfg = Debug_dll|x64
		{A287AF1E-841E-4DAA-A74A-004D1C61BD52}.Debug|x64.Build.0 = Debug_dll|x64
		{A287AF1E-841E-4DAA-A74A-004D1C61BD52}.DebugDLL|Win32.ActiveCfg = Debug_dll|x64
		{A287AF1E-841E-4DAA-A74A-004D1C61BD52}.DebugDLL|x64.ActiveCfg = Debug_dll|x64
		{A287AF1E-841E-4DAA-A74A-004D1C61BD52}.DebugDLL|x64.Build.0 = Debug_dll|x64
		{A287AF1E-841E-4DAA-A74A-004D1C61BD52}.Release|Win32.ActiveCfg = Release|Win32
		{A287AF1E-841E-4DAA-A74A-004D1C61BD52}.Release|Win32.Build.0 = Release|Win32
		{A287AF1E-841E-4DAA-A74A-004D1C61BD52}.Release|x64.ActiveCfg = Release|x64
		{A287AF1E-841E-4DAA-A74A-004D1C61BD52}.Release|x64.Build.0 = Release|x64
		{A287AF1E-841E-4DAA-A74A-004D1C61BD52}.ReleaseDLL|Win32.ActiveCfg = Release|x64
		{A287AF1E-841E-4DAA-A74A-004D1C61BD52}.ReleaseDLL|x64.ActiveCfg = Release|x64
		{A287AF1E-841E-4DAA-A74A-004D1C61BD52}.ReleaseDLL|x64.Build.0 = Release|x64
		{B874B9EC-879F-4C43-A72F-132867D242BE}.Debug_dll|Win32.ActiveCfg = Debug_dll|Win32
		{B874B9EC-879F-4C43-A72F-132867D242BE}.Debug_dll|Win32.Build.0 = Debug_dll|Win32
		{B874B9EC-879F-4C43-A72F-132867D242BE}.Debug_dll|x64.ActiveCfg = Debug_dll|x64
		{B874B9EC-879F-4C43-A72F-132867D242BE}.Debug_dll|x64.Build.0 = Debug_dll|x64
		{B874B9EC-879F-4C43-A72F-132867D242BE}.Debug|Win32.ActiveCfg = Debug|Win32
		{B874B9EC-879F-4C43-A72F-132867D242BE}.Debug|Win32.Build.0 = Debug|Win32
		{B874B9EC-879F-4C43-A72F-132867D242BE}.Debug|x64.ActiveCfg = Debug_dll|x64
		{B874B9EC-879F-4C43-A72F-132867D242BE}.Debug|x64.Build.0 = Debug_dll|x64
		{B874B9EC-879F-4C43-A72F-132867D242BE}.DebugDLL|Win32.ActiveCfg = Debug_dll|x64
		{B874B9EC-879F-4C43-A72F-132867D242BE}.DebugDLL|x64.ActiveCfg = Debug_dll|x64
		{B874B9EC-879F-4C43-A72F-132867D242BE}.DebugDLL|x64.Build.0 = Debug_dll|x64
		{B874B9EC-879F-4C43-A72F-132867D242BE}.Release|Win32.ActiveCfg = Release|Win32
		{B874B9EC-879F-4C43-A72F-132867D242BE}.Release|Win32.Build.0 = Release|Win32
		{B874B9EC-879F-4C43-A72F-132867D242BE}.Release|x64.ActiveCfg = Release|x64
		{B874B9EC-879F-4C43-A72F-132867D242BE}.Release|x64.Build.0 = Release|x64
		{B874B9EC-879F-4C43-A72F-132867D242BE}.ReleaseDLL|Win32.ActiveCfg = Release|x64
		{B874B9EC-879F-4C43-A72F-132867D242BE}.ReleaseDLL|x64.ActiveCfg = Release|x64
		{B874B9EC-879F-4C43-A72F-132867D242BE}.ReleaseDLL|x64.Build.0 = Release|x64
		{5BD0C703-E370-4FD7-95CA-560DF6086409}.Debug_dll|Win32.ActiveCfg = Debug|Win32
		{5BD0C703-E370-4FD7-95CA-560DF6086409}.Debug_dll|x64.ActiveCfg = Debug|Win32
		{5BD0C703-E370-4FD7-95CA-560DF6086409}.Debug|Win32.ActiveCfg = Debug|Win32
		{5BD0C703-E370-4FD7-95CA-560DF6086409}.Debug|Win32.Build.0 = Debug|Win32
		{5BD0C703-E370-4FD7-95CA-560DF6086409}.Debug|x64.ActiveCfg = Debug|x64
		{5BD0C703-E370-4FD7-95CA-560DF6086409}.Debug|x64.Build.0 = Debug|x64
		{5BD0C703-E370-4FD7-95CA-560DF6086409}.DebugDLL|Win32.ActiveCfg = Debug|x64
		{5BD0C703-E370-4FD7-95CA-560DF6086409}.DebugDLL|x64.ActiveCfg = Debug|x64
		{5BD0C703-E370-4FD7-95CA-560DF6086409}.Release|Win32.ActiveCfg = Release|Win32
		{5BD0C703-E370-4FD7-95CA-560DF6086409}.Release|Win32.Build.0 = Release|Win32
		{5BD0C703-E370-4FD7-95CA-560DF6086409}.Release|x64.ActiveCfg = Release|x64
		{5BD0C703-E370-4FD7-95CA-560DF6086409}.Release|x64.Build.0 = Release|x64
		{5BD0C703-E370-4FD7-95CA-560DF6086409}.ReleaseDLL|Win32.ActiveCfg = Release|x64
		{5BD0C703-E370-4FD7-95CA-560DF6086409}.ReleaseDLL|x64.ActiveCfg = Release|x64
		{9F937956-6702-4A57-804D-8136F2B9663B}.Debug_dll|Win32.ActiveCfg = Debug_dll|Win32
		{9F937956-6702-4A57-804D-8136F2B9663B}.Debug_dll|Win32.Build.0 = Debug_dll|Win32
		{9F937956-6702-4A57-804D-8136F2B9663B}.Debug_dll|x64.ActiveCfg = Debug_dll|x64
		{9F937956-6702-4A57-804D-8136F2B9663B}.Debug_dll|x64.Build.0 = Debug_dll|x64
		{9F937956-6702-4A57-804D-8136F2B9663B}.Debug|Win32.ActiveCfg = Debug|Win32
		{9F937956-6702-4A57-804D-8136F2B9663B}.Debug|Win32.Build.0 = Debug|Win32
		{9F937956-6702-4A57-804D-8136F2B9663B}.Debug|x64.ActiveCfg = Debug|x64
		{9F937956-6702-4A57-804D-8136F2B9663B}.Debug|x64.Build.0 = Debug|x64
		{9F937956-6702-4A57-804D-8136F2B9663B}.DebugDLL|Win32.ActiveCfg = Debug_dll|x64
		{9F937956-6702-4A57-804D-8136F2B9663B}.DebugDLL|x64.ActiveCfg = Debug_dll|x64
		{9F937956-6702-4A57-804D-8136F2B9663B}.DebugDLL|x64.Build.0 = Debug_dll|x64
		{9F937956-6702-4A57-804D-8136F2B9663B}.Release|Win32.ActiveCfg = Release|Win32
		{9F937956-6702-4A57-804D-8136F2B9663B}.Release|Win32.Build.0 = Release|Win32
		{9F937956-6702-4A57-804D-8136F2B9663B}.Release|x64.ActiveCfg = Release|x64
		{9F937956-6702-4A57-804D-8136F2B9663B}.Release|x64.Build.0 = Release|x64
		{9F937956-6702-4A57-804D-8136F2B9663B}.ReleaseDLL|Win32.ActiveCfg = Release|x64
		{9F937956-6702-4A57-804D-8136F2B9663B}.ReleaseDLL|x64.ActiveCfg = Release|x64
		{9F937956-6702-4A57-804D-8136F2B9663B}.ReleaseDLL|x64.Build.0 = Release|x64
		{6B72BF4D-C538-45AE-ABAF-D2ADDA55A70A}.Debug_dll|Win32.ActiveCfg = Debug_dll|Win32
		{6B72BF4D-C538-45AE-ABAF-D2ADDA55A70A}.Debug_dll|Win32.Build.0 = Debug_dll|Win32
		{6B72BF4D-C538-45AE-ABAF-D2ADDA55A70A}.Debug_dll|x64.ActiveCfg = Debug_dll|x64
		{6B72BF4D-C538-45AE-ABAF-D2ADDA55A70A}.Debug_dll|x64.Build.0 = Debug_dll|x64
		{6B72BF4D-C538-45AE-ABAF-D2ADDA55A70A}.Debug|Win32.ActiveCfg = Debug|Win32
		{6B72BF4D-C538-45AE-ABAF-D2ADDA55A70A}.Debug|Win32.Build.0 = Debug|Win32
		{6B72BF4D-C538-45AE-ABAF-D2ADDA55A70A}.Debug|x64.ActiveCfg = Debug|x64
		{6B72BF4D-C538-45AE-ABAF-D2ADDA55A70A}.Debug|x64.Build.0 = Debug|x64
		{6B72BF4D-C538-45AE-ABAF-D2ADDA55A70A}.DebugDLL|Win32.ActiveCfg = Debug_dll|x64
		{6B72BF4D-C538-45AE-ABAF-D2ADDA55A70A}.DebugDLL|x64.ActiveCfg = Debug_dll|x64
		{6B72BF4D-C538-45AE-ABAF-D2ADDA55A70A}.DebugDLL|x64.Build.0 = Debug_dll|x64
		{6B72BF4D-C538-45AE-ABAF-D2ADDA55A70A}.Release|Win32.ActiveCfg = Release|Win32
		{6B72BF4D-C538-45AE-ABAF-D2ADDA55A70A}.Release|Win32.Build.0 = Release|Win32
		{6B72BF4D-C538-45AE-ABAF-D2ADDA55A70A}.Release|x64.ActiveCfg = Release|x64
		{6B72BF4D-C538-45AE-ABAF-D2ADDA55A70A}.Release|x64.Build.0 = Release|x64
		{6B72BF4D-C538-45AE-ABAF-D2ADDA55A70A}.ReleaseDLL|Win32.ActiveCfg = Release|x64
		{6B72BF4D-C538-45AE-ABAF-D2ADDA55A70A}.ReleaseDLL|x64.ActiveCfg = Release|x64
		{6B72BF4D-C538-45AE-ABAF-D2ADDA55A70A}.ReleaseDLL|x64.Build.0 = Release|x64
		{ED8C8D1D-BE14-4D14-BF28-D4589C4BFB68}.Debug_dll|Win32.ActiveCfg = Debug_dll|Win32
		{ED8C8D1D-BE14-4D14-BF28-D4589C4BFB68}.Debug_dll|Win32.Build.0 = Debug_dll|Win32
		{ED8C8D1D-BE14-4D14-BF28-D4589C4BFB68}.Debug_dll|x64.ActiveCfg = Debug_dll|x64
		{ED8C8D1D-BE14-4D14-BF28-D4589C4BFB68}.Debug_dll|x64.Build.0 = Debug_dll|x64
		{ED8C8D1D-BE14-4D14-BF28-D4589C4BFB68}.Debug|Win32.ActiveCfg = Debug|Win32
		{ED8C8D1D-BE14-4D14-BF28-D4589C4BFB68}.Debug|Win32.Build.0 = Debug|Win32
		{ED8C8D1D-BE14-4D14-BF28-D4589C4BFB68}.Debug|x64.ActiveCfg = Debug|x64
		{ED8C8D1D-BE14-4D14-BF28-D4589C4BFB68}.Debug|x64.Build.0 = Debug|x64
		{ED8C8D1D-BE14-4D14-BF28-D4589C4BFB68}.DebugDLL|Win32.ActiveCfg = Debug_dll|x64
		{ED8C8D1D-BE14-4D14-BF28-D4589C4BFB68}.DebugDLL|x64.ActiveCfg = Debug_dll|x64
		{ED8C8D1D-BE14-4D14-BF28-D4589C4BFB68}.DebugDLL|x64.Build.0 = Debug_dll|x64
		{ED8C8D1D-BE14-4D14-BF28-D4589C4BFB68}.Release|Win32.ActiveCfg = Release|Win32
		{ED8C8D1D-BE14-4D14-BF28-D4589C4BFB68}.Release|Win32.Build.0 = Release|Win32
		{ED8C8D1D-BE14-4D14-BF28-D4589C4BFB68}.Release|x64.ActiveCfg = Release|x64
		{ED8C8D1D-BE14-4D14-BF28-D4589C4BFB68}.Release|x64.Build.0 = Release|x64
		{ED8C8D1D-BE14-4D14-BF28-D4589C4BFB68}.ReleaseDLL|Win32.ActiveCfg = Release|x64
		{ED8C8D1D-BE14-4D14-BF28-D4589C4BFB68}.ReleaseDLL|x64.ActiveCfg = Release|x64
		{ED8C8D1D-BE14-4D14-BF28-D4589C4BFB68}.ReleaseDLL|x64.Build.0 = Release|x64
		{C9A9E997-D3DB-414C-9EF4-A167576A8009}.Debug_dll|Win32.ActiveCfg = Debug_dll|Win32
		{C9A9E997-D3DB-414C-9EF4-A167576A8009}.Debug_dll|Win32.Build.0 = Debug_dll|Win32
		{C9A9E997-D3DB-414C-9EF4-A167576A8009}.Debug_dll|x64.ActiveCfg = Debug_dll|Win32
		{C9A9E997-D3DB-414C-9EF4-A167576A8009}.Debug|Win32.ActiveCfg = Debug|Win32
		{C9A9E997-D3DB-414C-9EF4-A167576A8009}.Debug|Win32.Build.0 = Debug|Win32
		{C9A9E997-D3DB-414C-9EF4-A167576A8009}.Debug|x64.ActiveCfg = Debug|Win32
		{C9A9E997-D3DB-414C-9EF4-A167576A8009}.DebugDLL|Win32.ActiveCfg = Debug_dll|Win32
		{C9A9E997-D3DB-414C-9EF4-A167576A8009}.DebugDLL|Win32.Build.0 = Debug_dll|Win32
		{C9A9E997-D3DB-414C-9EF4-A167576A8009}.DebugDLL|x64.ActiveCfg = Debug_dll|Win32
		{C9A9E997-D3DB-414C-9EF4-A167576A8009}.Release|Win32.ActiveCfg = Release|Win32
		{C9A9E997-D3DB-414C-9EF4-A167576A8009}.Release|Win32.Build.0 = Release|Win32
		{C9A9E997-D3DB-414C-9EF4-A167576A8009}.Release|x64.ActiveCfg = Release|Win32
		{C9A9E997-D3DB-414C-9EF4-A167576A8009}.ReleaseDLL|Win32.ActiveCfg = Release|Win32
		{C9A9E997-D3DB-414C-9EF4-A167576A8009}.ReleaseDLL|Win32.Build.0 = Release|Win32
		{C9A9E997-D3DB-414C-9EF4-A167576A8009}.ReleaseDLL|x64.ActiveCfg = Release|Win32
		{9FC9957B-288D-4231-B5DF-E75FCCC8345F}.Debug_dll|Win32.ActiveCfg = Debug_dll|Win32
		{9FC9957B-288D-4231-B5DF-E75FCCC8345F}.Debug_dll|Win32.Build.0 = Debug_dll|Win32
		{9FC9957B-288D-4231-B5DF-E75FCCC8345F}.Debug_dll|x64.ActiveCfg = Debug_dll|Win32
		{9FC9957B-288D-4231-B5DF-E75FCCC8345F}.Debug|Win32.ActiveCfg = Debug|Win32
		{9FC9957B-288D-4231-B5DF-E75FCCC8345F}.Debug|Win32.Build.0 = Debug|Win32
		{9FC9957B-288D-4231-B5DF-E75FCCC8345F}.Debug|x64.ActiveCfg = Debug|Win32
		{9FC9957B-288D-4231-B5DF-E75FCCC8345F}.DebugDLL|Win32.ActiveCfg = Debug_dll|Win32
		{9FC9957B-288D-4231-B5DF-E75FCCC8345F}.DebugDLL|Win32.Build.0 = Debug_dll|Win32
		{9FC9957B-288D-4231-B5DF-E75FCCC8345F}.DebugDLL|x64.ActiveCfg = Debug_dll|Win32
		{9FC9957B-288D-4231-B5DF-E75FCCC8345F}.Release|Win32.ActiveCfg = Release|Win32
		{9FC9957B-288D-4231-B5DF-E75FCCC8345F}.Release|Win32.Build.0 = Release|Win32
		{9FC9957B-288D-4231-B5DF-E75FCCC8345F}.Release|x64.ActiveCfg = Release|Win32
		{9FC9957B-288D-4231-B5DF-E75FCCC8345F}.ReleaseDLL|Win32.ActiveCfg = Release|Win32
		{9FC9957B-288D-4231-B5DF-E75FCCC8345F}.ReleaseDLL|Win32.Build.0 = Release|Win32
		{9FC9957B-288D-4231-B5DF-E75FCCC8345F}.ReleaseDLL|x64.ActiveCfg = Release|Win32
		{E4DA158A-42FA-4188-813A-82218E623FDB}.Debug_dll|Win32.ActiveCfg = Debug_dll|Win32
		{E4DA158A-42FA-4188-813A-82218E623FDB}.Debug_dll|Win32.Build.0 = Debug_dll|Win32
		{E4DA158A-42FA-4188-813A-82218E623FDB}.Debug_dll|x64.ActiveCfg = Debug_dll|Win32
		{E4DA158A-42FA-4188-813A-82218E623FDB}.Debug|Win32.ActiveCfg = Debug|Win32
		{E4DA158A-42FA-4188-813A-82218E623FDB}.Debug|Win32.Build.0 = Debug|Win32
		{E4DA158A-42FA-4188-813A-82218E623FDB}.Debug|x64.ActiveCfg = Debug|Win32
		{E4DA158A-42FA-4188-813A-82218E623FDB}.DebugDLL|Win32.ActiveCfg = Debug_dll|Win32
		{E4DA158A-42FA-4188-813A-82218E623FDB}.DebugDLL|Win32.Build.0 = Debug_dll|Win32
		{E4DA158A-42FA-4188-813A-82218E623FDB}.DebugDLL|x64.ActiveCfg = Debug_dll|Win32
		{E4DA158A-42FA-4188-813A-82218E623FDB}.Release|Win32.ActiveCfg = Release|Win32
		{E4DA158A-42FA-4188-813A-82218E623FDB}.Release|Win32.Build.0 = Release|Win32
		{E4DA158A-42FA-4188-813A-82218E623FDB}.Release|x64.ActiveCfg = Release|Win32
		{E4DA158A-42FA-4188-813A-82218E623FDB}.ReleaseDLL|Win32.ActiveCfg = Release|Win32
		{E4DA158A-42FA-4188-813A-82218E623FDB}.ReleaseDLL|Win32.Build.0 = Release|Win32
		{E4DA158A-42FA-4188-813A-82218E623FDB}.ReleaseDLL|x64.ActiveCfg = Release|Win32
		{F4431964-265F-4389-989B-AECEF10C3B38}.Debug_dll|Win32.ActiveCfg = Debug_dll|Win32
		{F4431964-265F-4389-989B-AECEF10C3B38}.Debug_dll|Win32.Build.0 = Debug_dll|Win32
		{F4431964-265F-4389-989B-AECEF10C3B38}.Debug_dll|x64.ActiveCfg = Debug_dll|Win32
		{F4431964-265F-4389-989B-AECEF10C3B38}.Debug|Win32.ActiveCfg = Debug|Win32
		{F4431964-265F-4389-989B-AECEF10C3B38}.Debug|Win32.Build.0 = Debug|Win32
		{F4431964-265F-4389-989B-AECEF10C3B38}.Debug|x64.ActiveCfg = Debug|Win32
		{F4431964-265F-4389-989B-AECEF10C3B38}.DebugDLL|Win32.ActiveCfg = Debug_dll|Win32
		{F4431964-265F-4389-989B-AECEF10C3B38}.DebugDLL|Win32.Build.0 = Debug_dll|Win32
		{F4431964-265F-4389-989B-AECEF10C3B38}.DebugDLL|x64.ActiveCfg = Debug_dll|Win32
		{F4431964-265F-4389-989B-AECEF10C3B38}.Release|Win32.ActiveCfg = Release|Win32
		{F4431964-265F-4389-989B-AECEF10C3B38}.Release|Win32.Build.0 = Release|Win32
		{F4431964-265F-4389-989B-AECEF10C3B38}.Release|x64.ActiveCfg = Release|Win32
		{F4431964-265F-4389-989B-AECEF10C3B38}.ReleaseDLL|Win32.ActiveCfg = Release|Win32
		{F4431964-265F-4389-989B-AECEF10C3B38}.ReleaseDLL|Win32.Build.0 = Release|Win32
		{F4431964-265F-4389-989B-AECEF10C3B38}.ReleaseDLL|x64.ActiveCfg = Release|Win32
		{9110089E-407F-4781-BE50-A5EDF38AC67B}.Debug_dll|Win32.ActiveCfg = Debug_dll|Win32
		{9110089E-407F-4781-BE50-A5EDF38AC67B}.Debug_dll|Win32.Build.0 = Debug_dll|Win32
		{9110089E-407F-4781-BE50-A5EDF38AC67B}.Debug_dll|x64.ActiveCfg = Debug_dll|Win32
		{9110089E-407F-4781-BE50-A5EDF38AC67B}.Debug|Win32.ActiveCfg = Debug|Win32
		{9110089E-407F-4781-BE50-A5EDF38AC67B}.Debug|Win32.Build.0 = Debug|Win32
		{9110089E-407F-4781-BE50-A5EDF38AC67B}.Debug|x64.ActiveCfg = Debug|Win32
		{9110089E-407F-4781-BE50-A5EDF38AC67B}.DebugDLL|Win32.ActiveCfg = Debug_dll|Win32
		{9110089E-407F-4781-BE50-A5EDF38AC67B}.DebugDLL|Win32.Build.0 = Debug_dll|Win32
		{9110089E-407F-4781-BE50-A5EDF38AC67B}.DebugDLL|x64.ActiveCfg = Debug_dll|Win32
		{9110089E-407F-4781-BE50-A5EDF38AC67B}.Release|Win32.ActiveCfg = Release|Win32
		{9110089E-407F-4781-BE50-A5EDF38AC67B}.Release|Win32.Build.0 = Release|Win32
		{9110089E-407F-4781-BE50-A5EDF38AC67B}.Release|x64.ActiveCfg = Release|Win32
		{9110089E-407F-4781-BE50-A5EDF38AC67B}.ReleaseDLL|Win32.ActiveCfg = Release|Win32
		{9110089E-407F-4781-BE50-A5EDF38AC67B}.ReleaseDLL|Win32.Build.0 = Release|Win32
		{9110089E-407F-4781-BE50-A5EDF38AC67B}.ReleaseDLL|x64.ActiveCfg = Release|Win32
		{B2BD47EA-7844-41C3-BA19-87048F53865B}.Debug_dll|Win32.ActiveCfg = Debug_dll|Win32
		{B2BD47EA-7844-41C3-BA19-87048F53865B}.Debug_dll|Win32.Build.0 = Debug_dll|Win32
		{B2BD47EA-7844-41C3-BA19-87048F53865B}.Debug_dll|x64.ActiveCfg = Debug_dll|Win32
		{B2BD47EA-7844-41C3-BA19-87048F53865B}.Debug|Win32.ActiveCfg = Debug|Win32
		{B2BD47EA-7844-41C3-BA19-87048F53865B}.Debug|Win32.Build.0 = Debug|Win32
		{B2BD47EA-7844-41C3-BA19-87048F53865B}.Debug|x64.ActiveCfg = Debug|Win32
		{B2BD47EA-7844-41C3-BA19-87048F53865B}.DebugDLL|Win32.ActiveCfg = Debug_dll|Win32
		{B2BD47EA-7844-41C3-BA19-87048F53865B}.DebugDLL|Win32.Build.0 = Debug_dll|Win32
		{B2BD47EA-7844-41C3-BA19-87048F53865B}.DebugDLL|x64.ActiveCfg = Debug_dll|Win32
		{B2BD47EA-7844-41C3-BA19-87048F53865B}.Release|Win32.ActiveCfg = Release|Win32
		{B2BD47EA-7844-41C3-BA19-87048F53865B}.Release|Win32.Build.0 = Release|Win32
		{B2BD47EA-7844-41C3-BA19-87048F53865B}.Release|x64.ActiveCfg = Release|Win32
		{B2BD47EA-7844-41C3-BA19-87048F53865B}.ReleaseDLL|Win32.ActiveCfg = Release|Win32
		{B2BD47EA-7844-41C3-BA19-87048F53865B}.ReleaseDLL|Win32.Build.0 = Release|Win32
		{B2BD47EA-7844-41C3-BA19-87048F53865B}.ReleaseDLL|x64.ActiveCfg = Release|Win32
		{029DA224-4B5F-4A68-97A3-61347D8A8D85}.Debug_dll|Win32.ActiveCfg = Debug_dll|Win32
		{029DA224-4B5F-4A68-97A3-61347D8A8D85}.Debug_dll|Win32.Build.0 = Debug_dll|Win32
		{029DA224-4B5F-4A68-97A3-61347D8A8D85}.Debug_dll|x64.ActiveCfg = Debug_dll|Win32
		{029DA224-4B5F-4A68-97A3-61347D8A8D85}.Debug|Win32.ActiveCfg = Debug|Win32
		{029DA224-4B5F-4A68-97A3-61347D8A8D85}.Debug|Win32.Build.0 = Debug|Win32
		{029DA224-4B5F-4A68-97A3-61347D8A8D85}.Debug|x64.ActiveCfg = Debug|Win32
		{029DA224-4B5F-4A68-97A3-61347D8A8D85}.DebugDLL|Win32.ActiveCfg = Debug_dll|Win32
		{029DA224-4B5F-4A68-97A3-61347D8A8D85}.DebugDLL|Win32.Build.0 = Debug_dll|Win32
		{029DA224-4B5F-4A68-97A3-61347D8A8D85}.DebugDLL|x64.ActiveCfg = Debug_dll|Win32
		{029DA224-4B5F-4A68-97A3-61347D8A8D85}.Release|Win32.ActiveCfg = Release|Win32
		{029DA224-4B5F-4A68-97A3-61347D8A8D85}.Release|Win32.Build.0 = Release|Win32
		{029DA224-4B5F-4A68-97A3-61347D8A8D85}.Release|x64.ActiveCfg = Release|Win32
		{029DA224-4B5F-4A68-97A3-61347D8A8D85}.ReleaseDLL|Win32.ActiveCfg = Release|Win32
		{029DA224-4B5F-4A68-97A3-61347D8A8D85}.ReleaseDLL|Win32.Build.0 = Release|Win32
		{029DA224-4B5F-4A68-97A3-61347D8A8D85}.ReleaseDLL|x64.ActiveCfg = Release|Win32
		{76C8913A-6B33-4CB4-AEFD-BC3C1FE9B530}.Debug_dll|Win32.ActiveCfg = Debug_dll|Win32
		{76C8913A-6B33-4CB4-AEFD-BC3C1FE9B530}.Debug_dll|Win32.Build.0 = Debug_dll|Win32
		{76C8913A-6B33-4CB4-AEFD-BC3C1FE9B530}.Debug_dll|x64.ActiveCfg = Debug_dll|Win32
		{76C8913A-6B33-4CB4-AEFD-BC3C1FE9B530}.Debug|Win32.ActiveCfg = Debug|Win32
		{76C8913A-6B33-4CB4-AEFD-BC3C1FE9B530}.Debug|Win32.Build.0 = Debug|Win32
		{76C8913A-6B33-4CB4-AEFD-BC3C1FE9B530}.Debug|x64.ActiveCfg = Debug|Win32
		{76C8913A-6B33-4CB4-AEFD-BC3C1FE9B530}.DebugDLL|Win32.ActiveCfg = Debug_dll|Win32
		{76C8913A-6B33-4CB4-AEFD-BC3C1FE9B530}.DebugDLL|Win32.Build.0 = Debug_dll|Win32
		{76C8913A-6B33-4CB4-AEFD-BC3C1FE9B530}.DebugDLL|x64.ActiveCfg = Debug_dll|Win32
		{76C8913A-6B33-4CB4-AEFD-BC3C1FE9B530}.Release|Win32.ActiveCfg = Release|Win32
		{76C8913A-6B33-4CB4-AEFD-BC3C1FE9B530}.Release|Win32.Build.0 = Release|Win32
		{76C8913A-6B33-4CB4-AEFD-BC3C1FE9B530}.Release|x64.ActiveCfg = Release|Win32
		{76C8913A-6B33-4CB4-AEFD-BC3C1FE9B530}.ReleaseDLL|Win32.ActiveCfg = Release|Win32
		{76C8913A-6B33-4CB4-AEFD-BC3C1FE9B530}.ReleaseDLL|Win32.Build.0 = Release|Win32
		{76C8913A-6B33-4CB4-AEFD-BC3C1FE9B530}.ReleaseDLL|x64.ActiveCfg = Release|Win32
		{4379C4D5-D2F2-4C29-A9DF-7AD287B86CD6}.Debug_dll|Win32.ActiveCfg = Debug|Win32
		{4379C4D5-D2F2-4C29-A9DF-7AD287B86CD6}.Debug_dll|Win32.Build.0 = Debug|Win32
		{4379C4D5-D2F2-4C29-A9DF-7AD287B86CD6}.Debug_dll|x64.ActiveCfg = Debug|Win32
		{4379C4D5-D2F2-4C29-A9DF-7AD287B86CD6}.Debug|Win32.ActiveCfg = Debug|Win32
		{4379C4D5-D2F2-4C29-A9DF-7AD287B86CD6}.Debug|Win32.Build.0 = Debug|Win32
		{4379C4D5-D2F2-4C29-A9DF-7AD287B86CD6}.Debug|x64.ActiveCfg = Debug|Win32
		{4379C4D5-D2F2-4C29-A9DF-7AD287B86CD6}.DebugDLL|Win32.ActiveCfg = Debug|Win32
		{4379C4D5-D2F2-4C29-A9DF-7AD287B86CD6}.DebugDLL|x64.ActiveCfg = Debug|Win32
		{4379C4D5-D2F2-4C29-A9DF-7AD287B86CD6}.Release|Win32.ActiveCfg = Release|Win32
		{4379C4D5-D2F2-4C29-A9DF-7AD287B86CD6}.Release|Win32.Build.0 = Release|Win32
		{4379C4D5-D2F2-4C29-A9DF-7AD287B86CD6}.Release|x64.ActiveCfg = Release|Win32
		{4379C4D5-D2F2-4C29-A9DF-7AD287B86CD6}.ReleaseDLL|Win32.ActiveCfg = Release|Win32
		{4379C4D5-D2F2-4C29-A9DF-7AD287B86CD6}.ReleaseDLL|x64.ActiveCfg = Release|Win32
		{1F0F3910-9245-45CA-8551-B78BD8AA2288}.Debug_dll|Win32.ActiveCfg = Debug|Win32
		{1F0F3910-9245-45CA-8551-B78BD8AA2288}.Debug_dll|Win32.Build.0 = Debug|Win32
		{1F0F3910-9245-45CA-8551-B78BD8AA2288}.Debug_dll|x64.ActiveCfg = Debug|Win32
		{1F0F3910-9245-45CA-8551-B78BD8AA2288}.Debug|Win32.ActiveCfg = Debug|Win32
		{1F0F3910-9245-45CA-8551-B78BD8AA2288}.Debug|Win32.Build.0 = Debug|Win32
		{1F0F3910-9245-45CA-8551-B78BD8AA2288}.Debug|x64.ActiveCfg = Debug|Win32
		{1F0F3910-9245-45CA-8551-B78BD8AA2288}.DebugDLL|Win32.ActiveCfg = Debug_dll|Win32
		{1F0F3910-9245-45CA-8551-B78BD8AA2288}.DebugDLL|Win32.Build.0 = Debug_dll|Win32
		{1F0F3910-9245-45CA-8551-B78BD8AA2288}.DebugDLL|x64.ActiveCfg = Debug_dll|Win32
		{1F0F3910-9245-45CA-8551-B78BD8AA2288}.Release|Win32.ActiveCfg = Release|Win32
		{1F0F3910-9245-45CA-8551-B78BD8AA2288}.Release|Win32.Build.0 = Release|Win32
		{1F0F3910-9245-45CA-8551-B78BD8AA2288}.Release|x64.ActiveCfg = Release|Win32
		{1F0F3910-9245-45CA-8551-B78BD8AA2288}.ReleaseDLL|Win32.ActiveCfg = Release|Win32
		{1F0F3910-9245-45CA-8551-B78BD8AA2288}.ReleaseDLL|Win32.Build.0 = Release|Win32
		{1F0F3910-9245-45CA-8551-B78BD8AA2288}.ReleaseDLL|x64.ActiveCfg = Release|Win32
		{5A8EB1D1-EC41-483B-846E-BE6C25AB77E2}.Debug_dll|Win32.ActiveCfg = Debug|Win32
		{5A8EB1D1-EC41-483B-846E-BE6C25AB77E2}.Debug_dll|Win32.Build.0 = Debug|Win32
		{5A8EB1D1-EC41-483B-846E-BE6C25AB77E2}.Debug_dll|x64.ActiveCfg = Debug|Win32
		{5A8EB1D1-EC41-483B-846E-BE6C25AB77E2}.Debug|Win32.ActiveCfg = Debug|Win32
		{5A8EB1D1-EC41-483B-846E-BE6C25AB77E2}.Debug|Win32.Build.0 = Debug|Win32
		{5A8EB1D1-EC41-483B-846E-BE6C25AB77E2}.Debug|x64.ActiveCfg = Debug|Win32
		{5A8EB1D1-EC41-483B-846E-BE6C25AB77E2}.DebugDLL|Win32.ActiveCfg = Debug|Win32
		{5A8EB1D1-EC41-483B-846E-BE6C25AB77E2}.DebugDLL|Win32.Build.0 = Debug|Win32
		{5A8EB1D1-EC41-483B-846E-BE6C25AB77E2}.DebugDLL|x64.ActiveCfg = Debug|Win32
		{5A8EB1D1-EC41-483B-846E-BE6C25AB77E2}.Release|Win32.ActiveCfg = Release|Win32
		{5A8EB1D1-EC41-483B-846E-BE6C25AB77E2}.Release|Win32.Build.0 = Release|Win32
		{5A8EB1D1-EC41-483B-846E-BE6C25AB77E2}.Release|x64.ActiveCfg = Release|Win32
		{5A8EB1D1-EC41-483B-846E-BE6C25AB77E2}.ReleaseDLL|Win32.ActiveCfg = Release|Win32
		{5A8EB1D1-EC41-483B-846E-BE6C25AB77E2}.ReleaseDLL|Win32.Build.0 = Release|Win32
		{5A8EB1D1-EC41-483B-846E-BE6C25AB77E2}.ReleaseDLL|x64.ActiveCfg = Release|Win32
		{09497F03-D8FB-45FD-BCF1-6953B8596D46}.Debug_dll|Win32.ActiveCfg = DebugDLL|Win32
		{09497F03-D8FB-45FD-BCF1-6953B8596D46}.Debug_dll|Win32.Build.0 = DebugDLL|Win32
		{09497F03-D8FB-45FD-BCF1-6953B8596D46}.Debug_dll|x64.ActiveCfg = DebugDLL|Win32
		{09497F03-D8FB-45FD-BCF1-6953B8596D46}.Debug|Win32.ActiveCfg = Debug|Win32
		{09497F03-D8FB-45FD-BCF1-6953B8596D46}.Debug|Win32.Build.0 = Debug|Win32
		{09497F03-D8FB-45FD-BCF1-6953B8596D46}.Debug|x64.ActiveCfg = Debug|Win32
		{09497F03-D8FB-45FD-BCF1-6953B8596D46}.DebugDLL|Win32.ActiveCfg = DebugDLL|Win32
		{09497F03-D8FB-45FD-BCF1-6953B8596D46}.DebugDLL|Win32.Build.0 = DebugDLL|Win32
		{09497F03-D8FB-45FD-BCF1-6953B8596D46}.DebugDLL|x64.ActiveCfg = DebugDLL|Win32
		{09497F03-D8FB-45FD-BCF1-6953B8596D46}.Release|Win32.ActiveCfg = Release|Win32
		{09497F03-D8FB-45FD-BCF1-6953B8596D46}.Release|Win32.Build.0 = Release|Win32
		{09497F03-D8FB-45FD-BCF1-6953B8596D46}.Release|x64.ActiveCfg = Release|Win32
		{09497F03-D8FB-45FD-BCF1-6953B8596D46}.ReleaseDLL|Win32.ActiveCfg = ReleaseDLL|Win32
		{09497F03-D8FB-45FD-BCF1-6953B8596D46}.ReleaseDLL|Win32.Build.0 = ReleaseDLL|Win32
		{09497F03-D8FB-45FD-BCF1-6953B8596D46}.ReleaseDLL|x64.ActiveCfg = ReleaseDLL|Win32
		{9D298393-B003-4C92-A407-A09A93314CAA}.Debug_dll|Win32.ActiveCfg = Debug|Win32
		{9D298393-B003-4C92-A407-A09A93314CAA}.Debug_dll|Win32.Build.0 = Debug|Win32
		{9D298393-B003-4C92-A407-A09A93314CAA}.Debug_dll|x64.ActiveCfg = Debug|Win32
		{9D298393-B003-4C92-A407-A09A93314CAA}.Debug|Win32.ActiveCfg = Debug|Win32
		{9D298393-B003-4C92-A407-A09A93314CAA}.Debug|Win32.Build.0 = Debug|Win32
		{9D298393-B003-4C92-A407-A09A93314CAA}.Debug|x64.ActiveCfg = Debug|Win32
		{9D298393-B003-4C92-A407-A09A93314CAA}.DebugDLL|Win32.ActiveCfg = Debug|Win32
		{9D298393-B003-4C92-A407-A09A93314CAA}.DebugDLL|Win32.Build.0 = Debug|Win32
		{9D298393-B003-4C92-A407-A09A93314CAA}.DebugDLL|x64.ActiveCfg = Debug|Win32
		{9D298393-B003-4C92-A407-A09A93314CAA}.Release|Win32.ActiveCfg = Release|Win32
		{9D298393-B003-4C92-A407-A09A93314CAA}.Release|Win32.Build.0 = Release|Win32
		{9D298393-B003-4C92-A407-A09A93314CAA}.Release|x64.ActiveCfg = Release|Win32
		{9D298393-B003-4C92-A407-A09A93314CAA}.ReleaseDLL|Win32.ActiveCfg = Release|Win32
		{9D298393-B003-4C92-A407-A09A93314CAA}.ReleaseDLL|Win32.Build.0 = Release|Win32
		{9D298393-B003-4C92-A407-A09A93314CAA}.ReleaseDLL|x64.ActiveCfg = Release|Win32
		{A8E74BA1-CE96-4270-ABA2-724731337D8B}.Debug_dll|Win32.ActiveCfg = Debug|Win32
		{A8E74BA1-CE96-4270-ABA2-724731337D8B}.Debug_dll|Win32.Build.0 = Debug|Win32
		{A8E74BA1-CE96-4270-ABA2-724731337D8B}.Debug_dll|x64.ActiveCfg = Debug|Win32
		{A8E74BA1-CE96-4270-ABA2-724731337D8B}.Debug|Win32.ActiveCfg = Debug|Win32
		{A8E74BA1-CE96-4270-ABA2-724731337D8B}.Debug|Win32.Build.0 = Debug|Win32
		{A8E74BA1-CE96-4270-ABA2-724731337D8B}.Debug|x64.ActiveCfg = Debug|Win32
		{A8E74BA1-CE96-4270-ABA2-724731337D8B}.DebugDLL|Win32.ActiveCfg = Debug|Win32
		{A8E74BA1-CE96-4270-ABA2-724731337D8B}.DebugDLL|Win32.Build.0 = Debug|Win32
		{A8E74BA1-CE96-4270-ABA2-724731337D8B}.DebugDLL|x64.ActiveCfg = Debug|Win32
		{A8E74BA1-CE96-4270-ABA2-724731337D8B}.Release|Win32.ActiveCfg = Release|Win32
		{A8E74BA1-CE96-4270-ABA2-724731337D8B}.Release|Win32.Build.0 = Release|Win32
		{A8E74BA1-CE96-4270-ABA2-724731337D8B}.Release|x64.ActiveCfg = Release|Win32
		{A8E74BA1-CE96-4270-ABA2-724731337D8B}.ReleaseDLL|Win32.ActiveCfg = Release|Win32
		{A8E74BA1-CE96-4270-ABA2-724731337D8B}.ReleaseDLL|Win32.Build.0 = Release|Win32
		{A8E74BA1-CE96-4270-ABA2-724731337D8B}.ReleaseDLL|x64.ActiveCfg = Release|Win32
	EndGlobalSection
	GlobalSection(SolutionProperties) = preSolution
		HideSolutionNode = FALSE
	EndGlobalSection
	GlobalSection(NestedProjects) = preSolution
		{A287AF1E-841E-4DAA-A74A-004D1C61BD52} = {AAA85B72-6CBC-4BD8-B657-4B380EEA9450}
		{B874B9EC-879F-4C43-A72F-132867D242BE} = {AAA85B72-6CBC-4BD8-B657-4B380EEA9450}
		{E5D486A6-64D4-453A-8C9D-B7D8D3B930D5} = {AAA85B72-6CBC-4BD8-B657-4B380EEA9450}
		{5A8EB1D1-EC41-483B-846E-BE6C25AB77E2} = {AAA85B72-6CBC-4BD8-B657-4B380EEA9450}
		{09497F03-D8FB-45FD-BCF1-6953B8596D46} = {AAA85B72-6CBC-4BD8-B657-4B380EEA9450}
		{9D298393-B003-4C92-A407-A09A93314CAA} = {AAA85B72-6CBC-4BD8-B657-4B380EEA9450}
		{5BD0C703-E370-4FD7-95CA-560DF6086409} = {DD1CC77C-53FA-41A1-9260-003DE571F0E7}
		{9F937956-6702-4A57-804D-8136F2B9663B} = {DD1CC77C-53FA-41A1-9260-003DE571F0E7}
		{6B72BF4D-C538-45AE-ABAF-D2ADDA55A70A} = {DD1CC77C-53FA-41A1-9260-003DE571F0E7}
		{ED8C8D1D-BE14-4D14-BF28-D4589C4BFB68} = {DD1CC77C-53FA-41A1-9260-003DE571F0E7}
		{C9A9E997-D3DB-414C-9EF4-A167576A8009} = {DD1CC77C-53FA-41A1-9260-003DE571F0E7}
		{9FC9957B-288D-4231-B5DF-E75FCCC8345F} = {DD1CC77C-53FA-41A1-9260-003DE571F0E7}
		{E4DA158A-42FA-4188-813A-82218E623FDB} = {DD1CC77C-53FA-41A1-9260-003DE571F0E7}
		{F4431964-265F-4389-989B-AECEF10C3B38} = {DD1CC77C-53FA-41A1-9260-003DE571F0E7}
		{9110089E-407F-4781-BE50-A5EDF38AC67B} = {DD1CC77C-53FA-41A1-9260-003DE571F0E7}
		{B2BD47EA-7844-41C3-BA19-87048F53865B} = {DD1CC77C-53FA-41A1-9260-003DE571F0E7}
		{029DA224-4B5F-4A68-97A3-61347D8A8D85} = {DD1CC77C-53FA-41A1-9260-003DE571F0E7}
		{4379C4D5-D2F2-4C29-A9DF-7AD287B86CD6} = {DD1CC77C-53FA-41A1-9260-003DE571F0E7}
		{A8E74BA1-CE96-4270-ABA2-724731337D8B} = {DD1CC77C-53FA-41A1-9260-003DE571F0E7}
		{76C8913A-6B33-4CB4-AEFD-BC3C1FE9B530} = {4549A41A-2F83-4E43-9444-18547FB39427}
		{1F0F3910-9245-45CA-8551-B78BD8AA2288} = {4549A41A-2F83-4E43-9444-18547FB39427}
	EndGlobalSection
EndGlobal
