// !$*UTF8*$!
{
	archiveVersion = 1;
	classes = {
	};
	objectVersion = 42;
	objects = {

/* Begin PBXBuildFile section */
		E42C50FB097D62FC00D1B30B /* MoreBacktrace.h in Headers */ = {isa = PBXBuildFile; fileRef = E4D9D9CA043A170400002802 /* MoreBacktrace.h */; };
		E42C50FC097D62FC00D1B30B /* MoreSetup.h in Headers */ = {isa = PBXBuildFile; fileRef = E4D9D9CD043A171200002802 /* MoreSetup.h */; };
		E42C5104097D62FC00D1B30B /* MoreAddrToSym.h in Headers */ = {isa = PBXBuildFile; fileRef = E4E6C079043DD1A000002802 /* MoreAddrToSym.h */; };
		E42C5108097D62FC00D1B30B /* main.nib in Resources */ = {isa = PBXBuildFile; fileRef = E4D9D9D3043AEDB800002802 /* main.nib */; };
		E42C5109097D62FC00D1B30B /* MainWindow.nib in Resources */ = {isa = PBXBuildFile; fileRef = E4A2067F0444ADE300002802 /* MainWindow.nib */; };
		E42C510B097D62FC00D1B30B /* MoreBacktrace.c in Sources */ = {isa = PBXBuildFile; fileRef = E4D9D9C9043A170400002802 /* MoreBacktrace.c */; };
		E42C510C097D62FC00D1B30B /* MoreBacktraceTest.c in Sources */ = {isa = PBXBuildFile; fileRef = E4D9D9CF043A172300002802 /* MoreBacktraceTest.c */; };
		E42C5114097D62FC00D1B30B /* MoreAddrToSym.c in Sources */ = {isa = PBXBuildFile; fileRef = E4E6C078043DD1A000002802 /* MoreAddrToSym.c */; };
		E42C5117097D62FC00D1B30B /* Carbon.framework in Frameworks */ = {isa = PBXBuildFile; fileRef = 20286C33FDCF999611CA2CEA /* Carbon.framework */; };
		E42C5285097D728200D1B30B /* MoreBacktraceTestTool.c in Sources */ = {isa = PBXBuildFile; fileRef = E42C5163097D6D7400D1B30B /* MoreBacktraceTestTool.c */; };
		E4CA23DB0982F7690043C210 /* MoreBacktrace.c in Sources */ = {isa = PBXBuildFile; fileRef = E4D9D9C9043A170400002802 /* MoreBacktrace.c */; };
		E4CA24050982FE650043C210 /* MoreBacktraceTestCommon.c in Sources */ = {isa = PBXBuildFile; fileRef = E4CA24040982FE650043C210 /* MoreBacktraceTestCommon.c */; };
		E4CA24060982FE650043C210 /* MoreBacktraceTestCommon.c in Sources */ = {isa = PBXBuildFile; fileRef = E4CA24040982FE650043C210 /* MoreBacktraceTestCommon.c */; };
		E4CA24080982FE6C0043C210 /* MoreBacktraceTestCommon.h in Headers */ = {isa = PBXBuildFile; fileRef = E4CA24070982FE6C0043C210 /* MoreBacktraceTestCommon.h */; };
		E4CA25F709831B6D0043C210 /* MoreAddrToSym.c in Sources */ = {isa = PBXBuildFile; fileRef = E4E6C078043DD1A000002802 /* MoreAddrToSym.c */; };
/* End PBXBuildFile section */

/* Begin PBXBuildStyle section */
		4A9504C5FFE6A39111CA0CBA /* Development */ = {
			isa = PBXBuildStyle;
			buildSettings = {
				COPY_PHASE_STRIP = NO;
				GCC_DYNAMIC_NO_PIC = NO;
				GCC_ENABLE_FIX_AND_CONTINUE = YES;
				GCC_GENERATE_DEBUGGING_SYMBOLS = YES;
				GCC_OPTIMIZATION_LEVEL = 0;
				OPTIMIZATION_CFLAGS = "-O0";
				ZERO_LINK = YES;
			};
			name = Development;
		};
		4A9504C6FFE6A39111CA0CBA /* Deployment */ = {
			isa = PBXBuildStyle;
			buildSettings = {
				COPY_PHASE_STRIP = YES;
				GCC_ENABLE_FIX_AND_CONTINUE = NO;
				ZERO_LINK = NO;
			};
			name = Deployment;
		};
/* End PBXBuildStyle section */

/* Begin PBXFileReference section */
		20286C33FDCF999611CA2CEA /* Carbon.framework */ = {isa = PBXFileReference; lastKnownFileType = wrapper.framework; name = Carbon.framework; path = /System/Library/Frameworks/Carbon.framework; sourceTree = "<absolute>"; };
		E42C511D097D62FC00D1B30B /* Info.plist */ = {isa = PBXFileReference; lastKnownFileType = text.xml; path = Info.plist; sourceTree = "<group>"; };
		E42C511E097D62FC00D1B30B /* MoreBacktraceTest.app */ = {isa = PBXFileReference; explicitFileType = wrapper.application; includeInIndex = 0; path = MoreBacktraceTest.app; sourceTree = BUILT_PRODUCTS_DIR; };
		E42C5163097D6D7400D1B30B /* MoreBacktraceTestTool.c */ = {isa = PBXFileReference; fileEncoding = 30; lastKnownFileType = sourcecode.c.c; path = MoreBacktraceTestTool.c; sourceTree = "<group>"; };
		E42C5172097D6E1D00D1B30B /* MoreBacktraceTestTool */ = {isa = PBXFileReference; explicitFileType = "compiled.mach-o.executable"; includeInIndex = 0; path = MoreBacktraceTestTool; sourceTree = BUILT_PRODUCTS_DIR; };
		E4A2067F0444ADE300002802 /* MainWindow.nib */ = {isa = PBXFileReference; lastKnownFileType = wrapper.nib; path = MainWindow.nib; sourceTree = "<group>"; };
		E4CA24040982FE650043C210 /* MoreBacktraceTestCommon.c */ = {isa = PBXFileReference; fileEncoding = 30; lastKnownFileType = sourcecode.c.c; path = MoreBacktraceTestCommon.c; sourceTree = "<group>"; };
		E4CA24070982FE6C0043C210 /* MoreBacktraceTestCommon.h */ = {isa = PBXFileReference; fileEncoding = 30; lastKnownFileType = sourcecode.c.h; path = MoreBacktraceTestCommon.h; sourceTree = "<group>"; };
		E4D9D9C9043A170400002802 /* MoreBacktrace.c */ = {isa = PBXFileReference; fileEncoding = 30; lastKnownFileType = sourcecode.c.c; name = MoreBacktrace.c; path = ../MoreBacktrace.c; sourceTree = SOURCE_ROOT; };
		E4D9D9CA043A170400002802 /* MoreBacktrace.h */ = {isa = PBXFileReference; fileEncoding = 30; lastKnownFileType = sourcecode.c.h; name = MoreBacktrace.h; path = ../MoreBacktrace.h; sourceTree = SOURCE_ROOT; };
		E4D9D9CD043A171200002802 /* MoreSetup.h */ = {isa = PBXFileReference; fileEncoding = 30; lastKnownFileType = sourcecode.c.h; name = MoreSetup.h; path = ../../MoreSetup.h; sourceTree = SOURCE_ROOT; };
		E4D9D9CF043A172300002802 /* MoreBacktraceTest.c */ = {isa = PBXFileReference; fileEncoding = 30; lastKnownFileType = sourcecode.c.c; path = MoreBacktraceTest.c; sourceTree = "<group>"; };
		E4D9D9D3043AEDB800002802 /* main.nib */ = {isa = PBXFileReference; lastKnownFileType = wrapper.nib; path = main.nib; sourceTree = "<group>"; };
		E4E6C078043DD1A000002802 /* MoreAddrToSym.c */ = {isa = PBXFileReference; fileEncoding = 30; lastKnownFileType = sourcecode.c.c; name = MoreAddrToSym.c; path = ../MoreAddrToSym.c; sourceTree = SOURCE_ROOT; };
		E4E6C079043DD1A000002802 /* MoreAddrToSym.h */ = {isa = PBXFileReference; fileEncoding = 30; lastKnownFileType = sourcecode.c.h; name = MoreAddrToSym.h; path = ../MoreAddrToSym.h; sourceTree = SOURCE_ROOT; };
/* End PBXFileReference section */

/* Begin PBXFrameworksBuildPhase section */
		E42C5116097D62FC00D1B30B /* Frameworks */ = {
			isa = PBXFrameworksBuildPhase;
			buildActionMask = 2147483647;
			files = (
				E42C5117097D62FC00D1B30B /* Carbon.framework in Frameworks */,
			);
			runOnlyForDeploymentPostprocessing = 0;
		};
		E42C5170097D6E1D00D1B30B /* Frameworks */ = {
			isa = PBXFrameworksBuildPhase;
			buildActionMask = 2147483647;
			files = (
			);
			runOnlyForDeploymentPostprocessing = 0;
		};
/* End PBXFrameworksBuildPhase section */

/* Begin PBXGroup section */
		195DF8CFFE9D517E11CA2CBB /* Products */ = {
			isa = PBXGroup;
			children = (
				E42C511E097D62FC00D1B30B /* MoreBacktraceTest.app */,
				E42C5172097D6E1D00D1B30B /* MoreBacktraceTestTool */,
			);
			name = Products;
			sourceTree = "<group>";
		};
		20286C29FDCF999611CA2CEA /* MoreBacktraceTest */ = {
			isa = PBXGroup;
			children = (
				E4DA7D6B09843FE2000630D1 /* Test Code */,
				20286C2AFDCF999611CA2CEA /* Reusable Code */,
				195DF8CFFE9D517E11CA2CBB /* Products */,
				E42C511D097D62FC00D1B30B /* Info.plist */,
			);
			name = MoreBacktraceTest;
			sourceTree = "<group>";
		};
		20286C2AFDCF999611CA2CEA /* Reusable Code */ = {
			isa = PBXGroup;
			children = (
				E4E6C079043DD1A000002802 /* MoreAddrToSym.h */,
				E4E6C078043DD1A000002802 /* MoreAddrToSym.c */,
				E4D9D9CA043A170400002802 /* MoreBacktrace.h */,
				E4D9D9C9043A170400002802 /* MoreBacktrace.c */,
				E4D9D9CD043A171200002802 /* MoreSetup.h */,
			);
			name = "Reusable Code";
			sourceTree = "<group>";
		};
		E4DA7D6B09843FE2000630D1 /* Test Code */ = {
			isa = PBXGroup;
			children = (
				E42C5163097D6D7400D1B30B /* MoreBacktraceTestTool.c */,
				E4D9D9CF043A172300002802 /* MoreBacktraceTest.c */,
				E4CA24070982FE6C0043C210 /* MoreBacktraceTestCommon.h */,
				E4CA24040982FE650043C210 /* MoreBacktraceTestCommon.c */,
				E4D9D9D3043AEDB800002802 /* main.nib */,
				E4A2067F0444ADE300002802 /* MainWindow.nib */,
				20286C33FDCF999611CA2CEA /* Carbon.framework */,
			);
			name = "Test Code";
			sourceTree = "<group>";
		};
/* End PBXGroup section */

/* Begin PBXHeadersBuildPhase section */
		E42C50FA097D62FC00D1B30B /* Headers */ = {
			isa = PBXHeadersBuildPhase;
			buildActionMask = 2147483647;
			files = (
				E42C50FB097D62FC00D1B30B /* MoreBacktrace.h in Headers */,
				E42C50FC097D62FC00D1B30B /* MoreSetup.h in Headers */,
				E42C5104097D62FC00D1B30B /* MoreAddrToSym.h in Headers */,
				E4CA24080982FE6C0043C210 /* MoreBacktraceTestCommon.h in Headers */,
			);
			runOnlyForDeploymentPostprocessing = 0;
		};
/* End PBXHeadersBuildPhase section */

/* Begin PBXNativeTarget section */
		E42C50F9097D62FC00D1B30B /* App */ = {
			isa = PBXNativeTarget;
			buildConfigurationList = E42C5119097D62FC00D1B30B /* Build configuration list for PBXNativeTarget "App" */;
			buildPhases = (
				E42C50FA097D62FC00D1B30B /* Headers */,
				E42C5107097D62FC00D1B30B /* Resources */,
				E42C510A097D62FC00D1B30B /* Sources */,
				E42C5116097D62FC00D1B30B /* Frameworks */,
				E42C5118097D62FC00D1B30B /* Rez */,
			);
			buildRules = (
			);
			buildSettings = {
				FRAMEWORK_SEARCH_PATHS = "";
				HEADER_SEARCH_PATHS = "";
				INSTALL_PATH = "$(HOME)/Applications";
				LIBRARY_SEARCH_PATHS = "";
				OTHER_CFLAGS = "";
				OTHER_LDFLAGS = "";
				OTHER_REZFLAGS = "";
				PRODUCT_NAME = MoreBacktraceTest;
				SECTORDER_FLAGS = "";
				WARNING_CFLAGS = (
					"-Wmost",
					"-Wno-four-char-constants",
					"-Wno-unknown-pragmas",
				);
				WRAPPER_EXTENSION = app;
			};
			dependencies = (
			);
			name = App;
			productInstallPath = "$(HOME)/Applications";
			productName = MoreBacktraceTest;
			productReference = E42C511E097D62FC00D1B30B /* MoreBacktraceTest.app */;
			productType = "com.apple.product-type.application";
		};
		E42C5171097D6E1D00D1B30B /* Tool */ = {
			isa = PBXNativeTarget;
			buildConfigurationList = E42C5179097D6E2E00D1B30B /* Build configuration list for PBXNativeTarget "Tool" */;
			buildPhases = (
				E42C516F097D6E1D00D1B30B /* Sources */,
				E42C5170097D6E1D00D1B30B /* Frameworks */,
			);
			buildRules = (
			);
			buildSettings = {
				GCC_ENABLE_FIX_AND_CONTINUE = YES;
				GCC_MODEL_TUNING = G5;
				INSTALL_PATH = "$(HOME)/bin";
				PREBINDING = NO;
				PRODUCT_NAME = MoreBacktraceTestTool;
				ZERO_LINK = YES;
			};
			dependencies = (
			);
			name = Tool;
			productName = MoreBacktraceTestTool;
			productReference = E42C5172097D6E1D00D1B30B /* MoreBacktraceTestTool */;
			productType = "com.apple.product-type.tool";
		};
/* End PBXNativeTarget section */

/* Begin PBXProject section */
		20286C28FDCF999611CA2CEA /* Project object */ = {
			isa = PBXProject;
			buildConfigurationList = E42C5087097D61DA00D1B30B /* Build configuration list for PBXProject "MoreBacktraceTest" */;
			buildSettings = {
			};
			buildStyles = (
				4A9504C5FFE6A39111CA0CBA /* Development */,
				4A9504C6FFE6A39111CA0CBA /* Deployment */,
			);
			hasScannedForEncodings = 1;
			mainGroup = 20286C29FDCF999611CA2CEA /* MoreBacktraceTest */;
			projectDirPath = "";
			targets = (
				E42C50F9097D62FC00D1B30B /* App */,
				E42C5171097D6E1D00D1B30B /* Tool */,
			);
		};
/* End PBXProject section */

/* Begin PBXResourcesBuildPhase section */
		E42C5107097D62FC00D1B30B /* Resources */ = {
			isa = PBXResourcesBuildPhase;
			buildActionMask = 2147483647;
			files = (
				E42C5108097D62FC00D1B30B /* main.nib in Resources */,
				E42C5109097D62FC00D1B30B /* MainWindow.nib in Resources */,
			);
			runOnlyForDeploymentPostprocessing = 0;
		};
/* End PBXResourcesBuildPhase section */

/* Begin PBXRezBuildPhase section */
		E42C5118097D62FC00D1B30B /* Rez */ = {
			isa = PBXRezBuildPhase;
			buildActionMask = 2147483647;
			files = (
			);
			runOnlyForDeploymentPostprocessing = 0;
		};
/* End PBXRezBuildPhase section */

/* Begin PBXSourcesBuildPhase section */
		E42C510A097D62FC00D1B30B /* Sources */ = {
			isa = PBXSourcesBuildPhase;
			buildActionMask = 2147483647;
			files = (
				E42C510B097D62FC00D1B30B /* MoreBacktrace.c in Sources */,
				E42C510C097D62FC00D1B30B /* MoreBacktraceTest.c in Sources */,
				E42C5114097D62FC00D1B30B /* MoreAddrToSym.c in Sources */,
				E4CA24050982FE650043C210 /* MoreBacktraceTestCommon.c in Sources */,
			);
			runOnlyForDeploymentPostprocessing = 0;
		};
		E42C516F097D6E1D00D1B30B /* Sources */ = {
			isa = PBXSourcesBuildPhase;
			buildActionMask = 2147483647;
			files = (
				E42C5285097D728200D1B30B /* MoreBacktraceTestTool.c in Sources */,
				E4CA23DB0982F7690043C210 /* MoreBacktrace.c in Sources */,
				E4CA24060982FE650043C210 /* MoreBacktraceTestCommon.c in Sources */,
				E4CA25F709831B6D0043C210 /* MoreAddrToSym.c in Sources */,
			);
			runOnlyForDeploymentPostprocessing = 0;
		};
/* End PBXSourcesBuildPhase section */

/* Begin XCBuildConfiguration section */
		E42C5088097D61DA00D1B30B /* Development */ = {
			isa = XCBuildConfiguration;
			buildSettings = {
				COPY_PHASE_STRIP = NO;
				DEPLOYMENT_POSTPROCESSING = NO;
				GCC_DYNAMIC_NO_PIC = YES;
				GCC_GENERATE_DEBUGGING_SYMBOLS = YES;
				GCC_OPTIMIZATION_LEVEL = 0;
				GCC_WARN_ABOUT_MISSING_PROTOTYPES = YES;
				GCC_WARN_UNUSED_FUNCTION = YES;
				GCC_WARN_UNUSED_LABEL = YES;
				GCC_WARN_UNUSED_PARAMETER = YES;
				GCC_WARN_UNUSED_VALUE = YES;
				GCC_WARN_UNUSED_VARIABLE = YES;
				MACOSX_DEPLOYMENT_TARGET = 10.1;
				PREBINDING = NO;
				SDKROOT = /Developer/SDKs/MacOSX10.4u.sdk;
				WARNING_CFLAGS = "-Wall";
				ZERO_LINK = NO;
			};
			name = Development;
		};
		E42C5089097D61DA00D1B30B /* Deployment */ = {
			isa = XCBuildConfiguration;
			buildSettings = {
				COPY_PHASE_STRIP = YES;
				DEPLOYMENT_POSTPROCESSING = YES;
				GCC_DYNAMIC_NO_PIC = YES;
				GCC_GENERATE_DEBUGGING_SYMBOLS = YES;
				GCC_OPTIMIZATION_LEVEL = s;
				GCC_WARN_ABOUT_MISSING_PROTOTYPES = YES;
				GCC_WARN_UNUSED_FUNCTION = YES;
				GCC_WARN_UNUSED_LABEL = YES;
				GCC_WARN_UNUSED_PARAMETER = YES;
				GCC_WARN_UNUSED_VALUE = YES;
				GCC_WARN_UNUSED_VARIABLE = YES;
				MACOSX_DEPLOYMENT_TARGET = 10.1;
				PREBINDING = NO;
				SDKROOT = /Developer/SDKs/MacOSX10.4u.sdk;
				WARNING_CFLAGS = "-Wall";
				ZERO_LINK = NO;
			};
			name = Deployment;
		};
		E42C511A097D62FC00D1B30B /* Development */ = {
			isa = XCBuildConfiguration;
			buildSettings = {
				ARCHS = (
					ppc,
					i386,
				);
				INFOPLIST_FILE = Info.plist;
				PRODUCT_NAME = MoreBacktraceTest;
				WRAPPER_EXTENSION = app;
			};
			name = Development;
		};
		E42C511B097D62FC00D1B30B /* Deployment */ = {
			isa = XCBuildConfiguration;
			buildSettings = {
				ARCHS = (
					ppc,
					i386,
				);
				INFOPLIST_FILE = Info.plist;
				PRODUCT_NAME = MoreBacktraceTest;
				WRAPPER_EXTENSION = app;
			};
			name = Deployment;
		};
		E42C517A097D6E2E00D1B30B /* Development */ = {
			isa = XCBuildConfiguration;
			buildSettings = {
				ARCHS = (
					ppc,
					ppc64,
					i386,
				);
				BUILD_VARIANTS = normal;
				INSTALL_PATH = "$(HOME)/bin";
				OTHER_CFLAGS = "-fasm-blocks";
				OTHER_LDFLAGS = (
					"-pagezero_size",
					1000,
				);
				PRODUCT_NAME = MoreBacktraceTestTool;
			};
			name = Development;
		};
		E42C517B097D6E2E00D1B30B /* Deployment */ = {
			isa = XCBuildConfiguration;
			buildSettings = {
				ARCHS = (
					ppc,
					ppc64,
					i386,
				);
				BUILD_VARIANTS = normal;
				INSTALL_PATH = "$(HOME)/bin";
				OTHER_CFLAGS = "-fasm-blocks";
				OTHER_LDFLAGS = (
					"-pagezero_size",
					1000,
				);
				PRODUCT_NAME = MoreBacktraceTestTool;
			};
			name = Deployment;
		};
/* End XCBuildConfiguration section */

/* Begin XCConfigurationList section */
		E42C5087097D61DA00D1B30B /* Build configuration list for PBXProject "MoreBacktraceTest" */ = {
			isa = XCConfigurationList;
			buildConfigurations = (
				E42C5088097D61DA00D1B30B /* Development */,
				E42C5089097D61DA00D1B30B /* Deployment */,
			);
			defaultConfigurationIsVisible = 0;
			defaultConfigurationName = Development;
		};
		E42C5119097D62FC00D1B30B /* Build configuration list for PBXNativeTarget "App" */ = {
			isa = XCConfigurationList;
			buildConfigurations = (
				E42C511A097D62FC00D1B30B /* Development */,
				E42C511B097D62FC00D1B30B /* Deployment */,
			);
			defaultConfigurationIsVisible = 0;
			defaultConfigurationName = Development;
		};
		E42C5179097D6E2E00D1B30B /* Build configuration list for PBXNativeTarget "Tool" */ = {
			isa = XCConfigurationList;
			buildConfigurations = (
				E42C517A097D6E2E00D1B30B /* Development */,
				E42C517B097D6E2E00D1B30B /* Deployment */,
			);
			defaultConfigurationIsVisible = 0;
			defaultConfigurationName = Development;
		};
/* End XCConfigurationList section */
	};
	rootObject = 20286C28FDCF999611CA2CEA /* Project object */;
}
